
Microsoft Visual Studio Solution File, Format Version 12.00
# Visual Studio Version 17
VisualStudioVersion = 17.11.35303.130
MinimumVisualStudioVersion = 10.0.40219.1
Project("{FAE04EC0-301F-11D3-BF4B-00C04F79EFBC}") = "De02", "De02\De02.csproj", "{DCED288F-8C02-4F5F-B9C6-5FE69EE1F0D7}"
EndProject
Global
	GlobalSection(SolutionConfigurationPlatforms) = preSolution
		Debug|Any CPU = Debug|Any CPU
		Release|Any CPU = Release|Any CPU
	EndGlobalSection
	GlobalSection(ProjectConfigurationPlatforms) = postSolution
		{DCED288F-8C02-4F5F-B9C6-5FE69EE1F0D7}.Debug|Any CPU.ActiveCfg = Debug|Any CPU
		{DCED288F-8C02-4F5F-B9C6-5FE69EE1F0D7}.Debug|Any CPU.Build.0 = Debug|Any CPU
		{DCED288F-8C02-4F5F-B9C6-5FE69EE1F0D7}.Release|Any CPU.ActiveCfg = Release|Any CPU
		{DCED288F-8C02-4F5F-B9C6-5FE69EE1F0D7}.Release|Any CPU.Build.0 = Release|Any CPU
	EndGlobalSection
	GlobalSection(SolutionProperties) = preSolution
		HideSolutionNode = FALSE
	EndGlobalSection
	GlobalSection(ExtensibilityGlobals) = postSolution
		SolutionGuid = {4FA0E66F-92F2-490F-9E11-FFAB036D740B}
	EndGlobalSection
EndGlobal
